// !$*UTF8*$!
{
	archiveVersion = 1;
	classes = {
	};
	objectVersion = 56;
	objects = {

/* Begin PBXBuildFile section */
		D622B5272A5888940056F320 /* InstagramCloneApp.swift in Sources */ = {isa = PBXBuildFile; fileRef = D622B5262A5888940056F320 /* InstagramCloneApp.swift */; };
		D622B5292A5888940056F320 /* ContentView.swift in Sources */ = {isa = PBXBuildFile; fileRef = D622B5282A5888940056F320 /* ContentView.swift */; };
		D622B52B2A5888960056F320 /* Assets.xcassets in Resources */ = {isa = PBXBuildFile; fileRef = D622B52A2A5888960056F320 /* Assets.xcassets */; };
		D622B52E2A5888960056F320 /* Preview Assets.xcassets in Resources */ = {isa = PBXBuildFile; fileRef = D622B52D2A5888960056F320 /* Preview Assets.xcassets */; };
		D622B5422A588A2F0056F320 /* MainTabView.swift in Sources */ = {isa = PBXBuildFile; fileRef = D622B5412A588A2F0056F320 /* MainTabView.swift */; };
		D622B5442A588BAD0056F320 /* ProfileView.swift in Sources */ = {isa = PBXBuildFile; fileRef = D622B5432A588BAD0056F320 /* ProfileView.swift */; };
		D622B5472A58922F0056F320 /* UserStatView.swift in Sources */ = {isa = PBXBuildFile; fileRef = D622B5462A58922F0056F320 /* UserStatView.swift */; };
		D622B5492A589D7B0056F320 /* FeedView.swift in Sources */ = {isa = PBXBuildFile; fileRef = D622B5482A589D7B0056F320 /* FeedView.swift */; };
		D622B54B2A589D830056F320 /* FeedCell.swift in Sources */ = {isa = PBXBuildFile; fileRef = D622B54A2A589D830056F320 /* FeedCell.swift */; };
		D622B54D2A58AAAD0056F320 /* SearchView.swift in Sources */ = {isa = PBXBuildFile; fileRef = D622B54C2A58AAAD0056F320 /* SearchView.swift */; };
		D622B54F2A58B60A0056F320 /* LoginView.swift in Sources */ = {isa = PBXBuildFile; fileRef = D622B54E2A58B60A0056F320 /* LoginView.swift */; };
		D622B5512A58BD4C0056F320 /* AddEmailView.swift in Sources */ = {isa = PBXBuildFile; fileRef = D622B5502A58BD4C0056F320 /* AddEmailView.swift */; };
		D622B5532A58BFAF0056F320 /* IGTextFieldModifier.swift in Sources */ = {isa = PBXBuildFile; fileRef = D622B5522A58BFAF0056F320 /* IGTextFieldModifier.swift */; };
		D622B5552A58C0D50056F320 /* CreateUsernameView.swift in Sources */ = {isa = PBXBuildFile; fileRef = D622B5542A58C0D50056F320 /* CreateUsernameView.swift */; };
		D622B5582A58C3D60056F320 /* CreatePasswordView.swift in Sources */ = {isa = PBXBuildFile; fileRef = D622B5572A58C3D60056F320 /* CreatePasswordView.swift */; };
		D622B55A2A58C5080056F320 /* CompleteSignUpView.swift in Sources */ = {isa = PBXBuildFile; fileRef = D622B5592A58C5080056F320 /* CompleteSignUpView.swift */; };
		D622B55C2A58C8910056F320 /* EmailUserPassView.swift in Sources */ = {isa = PBXBuildFile; fileRef = D622B55B2A58C8910056F320 /* EmailUserPassView.swift */; };
		D6B5562B2A5F4C1F00718A39 /* UserService.swift in Sources */ = {isa = PBXBuildFile; fileRef = D6B5562A2A5F4C1F00718A39 /* UserService.swift */; };
		D6B5562F2A5F4D0F00718A39 /* SearchViewModel.swift in Sources */ = {isa = PBXBuildFile; fileRef = D6B5562E2A5F4D0F00718A39 /* SearchViewModel.swift */; };
		D6B556312A6081E200718A39 /* EditProfileView.swift in Sources */ = {isa = PBXBuildFile; fileRef = D6B556302A6081E200718A39 /* EditProfileView.swift */; };
		D6B556352A6088A800718A39 /* EditProfileViewModel.swift in Sources */ = {isa = PBXBuildFile; fileRef = D6B556342A6088A800718A39 /* EditProfileViewModel.swift */; };
		D6B556372A60A6DE00718A39 /* ImageUploader.swift in Sources */ = {isa = PBXBuildFile; fileRef = D6B556362A60A6DE00718A39 /* ImageUploader.swift */; };
		D6B5563A2A60ADDC00718A39 /* Kingfisher in Frameworks */ = {isa = PBXBuildFile; productRef = D6B556392A60ADDC00718A39 /* Kingfisher */; };
		D6B5563C2A60B99000718A39 /* CircularProfileImageView.swift in Sources */ = {isa = PBXBuildFile; fileRef = D6B5563B2A60B99000718A39 /* CircularProfileImageView.swift */; };
		D6B556412A61E2A500718A39 /* FeedViewModel.swift in Sources */ = {isa = PBXBuildFile; fileRef = D6B556402A61E2A500718A39 /* FeedViewModel.swift */; };
		D6B556432A61F05F00718A39 /* PostService.swift in Sources */ = {isa = PBXBuildFile; fileRef = D6B556422A61F05F00718A39 /* PostService.swift */; };
		D6B556472A61F45000718A39 /* PostGridViewModel.swift in Sources */ = {isa = PBXBuildFile; fileRef = D6B556462A61F45000718A39 /* PostGridViewModel.swift */; };
		D6FC07B22A5CAADE0041CE0C /* InputView.swift in Sources */ = {isa = PBXBuildFile; fileRef = D6FC07B12A5CAADE0041CE0C /* InputView.swift */; };
		D6FC07B42A5CAF820041CE0C /* User.swift in Sources */ = {isa = PBXBuildFile; fileRef = D6FC07B32A5CAF820041CE0C /* User.swift */; };
		D6FC07B62A5CB7A10041CE0C /* CurrentUserProfileView.swift in Sources */ = {isa = PBXBuildFile; fileRef = D6FC07B52A5CB7A10041CE0C /* CurrentUserProfileView.swift */; };
		D6FC07B82A5CBEBB0041CE0C /* Post.swift in Sources */ = {isa = PBXBuildFile; fileRef = D6FC07B72A5CBEBB0041CE0C /* Post.swift */; };
		D6FC07BA2A5CCDB30041CE0C /* PostGridView.swift in Sources */ = {isa = PBXBuildFile; fileRef = D6FC07B92A5CCDB30041CE0C /* PostGridView.swift */; };
		D6FC07BC2A5CD1040041CE0C /* ProfileHeaderView.swift in Sources */ = {isa = PBXBuildFile; fileRef = D6FC07BB2A5CD1040041CE0C /* ProfileHeaderView.swift */; };
		D6FC07BE2A5CD6730041CE0C /* UploadPostView.swift in Sources */ = {isa = PBXBuildFile; fileRef = D6FC07BD2A5CD6730041CE0C /* UploadPostView.swift */; };
		D6FC07C02A5CD9D10041CE0C /* UploadPostViewModel.swift in Sources */ = {isa = PBXBuildFile; fileRef = D6FC07BF2A5CD9D10041CE0C /* UploadPostViewModel.swift */; };
		D6FC07C22A5DBA1B0041CE0C /* GoogleService-Info.plist in Resources */ = {isa = PBXBuildFile; fileRef = D6FC07C12A5DBA1B0041CE0C /* GoogleService-Info.plist */; };
		D6FC07C52A5DBA7C0041CE0C /* FirebaseAuth in Frameworks */ = {isa = PBXBuildFile; productRef = D6FC07C42A5DBA7C0041CE0C /* FirebaseAuth */; };
		D6FC07C72A5DBA7C0041CE0C /* FirebaseFirestore in Frameworks */ = {isa = PBXBuildFile; productRef = D6FC07C62A5DBA7C0041CE0C /* FirebaseFirestore */; };
		D6FC07C92A5DBA7C0041CE0C /* FirebaseFirestoreSwift in Frameworks */ = {isa = PBXBuildFile; productRef = D6FC07C82A5DBA7C0041CE0C /* FirebaseFirestoreSwift */; };
		D6FC07CB2A5DBA7C0041CE0C /* FirebaseStorage in Frameworks */ = {isa = PBXBuildFile; productRef = D6FC07CA2A5DBA7C0041CE0C /* FirebaseStorage */; };
		D6FC07D02A5DBFA00041CE0C /* AuthService.swift in Sources */ = {isa = PBXBuildFile; fileRef = D6FC07CF2A5DBFA00041CE0C /* AuthService.swift */; };
		D6FC07D42A5DC1150041CE0C /* ContentViewModel.swift in Sources */ = {isa = PBXBuildFile; fileRef = D6FC07D32A5DC1150041CE0C /* ContentViewModel.swift */; };
		D6FC07D72A5DC5340041CE0C /* RegistrationViewModel.swift in Sources */ = {isa = PBXBuildFile; fileRef = D6FC07D62A5DC5340041CE0C /* RegistrationViewModel.swift */; };
		D6FC07D92A5DD58F0041CE0C /* LoginViewModel.swift in Sources */ = {isa = PBXBuildFile; fileRef = D6FC07D82A5DD58F0041CE0C /* LoginViewModel.swift */; };
/* End PBXBuildFile section */

/* Begin PBXFileReference section */
		D622B5232A5888940056F320 /* InstagramClone.app */ = {isa = PBXFileReference; explicitFileType = wrapper.application; includeInIndex = 0; path = InstagramClone.app; sourceTree = BUILT_PRODUCTS_DIR; };
		D622B5262A5888940056F320 /* InstagramCloneApp.swift */ = {isa = PBXFileReference; lastKnownFileType = sourcecode.swift; path = InstagramCloneApp.swift; sourceTree = "<group>"; };
		D622B5282A5888940056F320 /* ContentView.swift */ = {isa = PBXFileReference; lastKnownFileType = sourcecode.swift; path = ContentView.swift; sourceTree = "<group>"; };
		D622B52A2A5888960056F320 /* Assets.xcassets */ = {isa = PBXFileReference; lastKnownFileType = folder.assetcatalog; path = Assets.xcassets; sourceTree = "<group>"; };
		D622B52D2A5888960056F320 /* Preview Assets.xcassets */ = {isa = PBXFileReference; lastKnownFileType = folder.assetcatalog; path = "Preview Assets.xcassets"; sourceTree = "<group>"; };
		D622B5412A588A2F0056F320 /* MainTabView.swift */ = {isa = PBXFileReference; lastKnownFileType = sourcecode.swift; path = MainTabView.swift; sourceTree = "<group>"; };
		D622B5432A588BAD0056F320 /* ProfileView.swift */ = {isa = PBXFileReference; lastKnownFileType = sourcecode.swift; path = ProfileView.swift; sourceTree = "<group>"; };
		D622B5462A58922F0056F320 /* UserStatView.swift */ = {isa = PBXFileReference; lastKnownFileType = sourcecode.swift; path = UserStatView.swift; sourceTree = "<group>"; };
		D622B5482A589D7B0056F320 /* FeedView.swift */ = {isa = PBXFileReference; lastKnownFileType = sourcecode.swift; path = FeedView.swift; sourceTree = "<group>"; };
		D622B54A2A589D830056F320 /* FeedCell.swift */ = {isa = PBXFileReference; lastKnownFileType = sourcecode.swift; path = FeedCell.swift; sourceTree = "<group>"; };
		D622B54C2A58AAAD0056F320 /* SearchView.swift */ = {isa = PBXFileReference; lastKnownFileType = sourcecode.swift; path = SearchView.swift; sourceTree = "<group>"; };
		D622B54E2A58B60A0056F320 /* LoginView.swift */ = {isa = PBXFileReference; lastKnownFileType = sourcecode.swift; path = LoginView.swift; sourceTree = "<group>"; };
		D622B5502A58BD4C0056F320 /* AddEmailView.swift */ = {isa = PBXFileReference; lastKnownFileType = sourcecode.swift; path = AddEmailView.swift; sourceTree = "<group>"; };
		D622B5522A58BFAF0056F320 /* IGTextFieldModifier.swift */ = {isa = PBXFileReference; lastKnownFileType = sourcecode.swift; path = IGTextFieldModifier.swift; sourceTree = "<group>"; };
		D622B5542A58C0D50056F320 /* CreateUsernameView.swift */ = {isa = PBXFileReference; lastKnownFileType = sourcecode.swift; path = CreateUsernameView.swift; sourceTree = "<group>"; };
		D622B5572A58C3D60056F320 /* CreatePasswordView.swift */ = {isa = PBXFileReference; lastKnownFileType = sourcecode.swift; path = CreatePasswordView.swift; sourceTree = "<group>"; };
		D622B5592A58C5080056F320 /* CompleteSignUpView.swift */ = {isa = PBXFileReference; lastKnownFileType = sourcecode.swift; path = CompleteSignUpView.swift; sourceTree = "<group>"; };
		D622B55B2A58C8910056F320 /* EmailUserPassView.swift */ = {isa = PBXFileReference; lastKnownFileType = sourcecode.swift; path = EmailUserPassView.swift; sourceTree = "<group>"; };
		D6AAFCFD2AAA297600AF9676 /* README.md */ = {isa = PBXFileReference; lastKnownFileType = net.daringfireball.markdown; path = README.md; sourceTree = "<group>"; };
		D6B5562A2A5F4C1F00718A39 /* UserService.swift */ = {isa = PBXFileReference; lastKnownFileType = sourcecode.swift; path = UserService.swift; sourceTree = "<group>"; };
		D6B5562E2A5F4D0F00718A39 /* SearchViewModel.swift */ = {isa = PBXFileReference; lastKnownFileType = sourcecode.swift; path = SearchViewModel.swift; sourceTree = "<group>"; };
		D6B556302A6081E200718A39 /* EditProfileView.swift */ = {isa = PBXFileReference; lastKnownFileType = sourcecode.swift; path = EditProfileView.swift; sourceTree = "<group>"; };
		D6B556342A6088A800718A39 /* EditProfileViewModel.swift */ = {isa = PBXFileReference; lastKnownFileType = sourcecode.swift; path = EditProfileViewModel.swift; sourceTree = "<group>"; };
		D6B556362A60A6DE00718A39 /* ImageUploader.swift */ = {isa = PBXFileReference; lastKnownFileType = sourcecode.swift; path = ImageUploader.swift; sourceTree = "<group>"; };
		D6B5563B2A60B99000718A39 /* CircularProfileImageView.swift */ = {isa = PBXFileReference; lastKnownFileType = sourcecode.swift; path = CircularProfileImageView.swift; sourceTree = "<group>"; };
		D6B556402A61E2A500718A39 /* FeedViewModel.swift */ = {isa = PBXFileReference; lastKnownFileType = sourcecode.swift; path = FeedViewModel.swift; sourceTree = "<group>"; };
		D6B556422A61F05F00718A39 /* PostService.swift */ = {isa = PBXFileReference; lastKnownFileType = sourcecode.swift; path = PostService.swift; sourceTree = "<group>"; };
		D6B556462A61F45000718A39 /* PostGridViewModel.swift */ = {isa = PBXFileReference; lastKnownFileType = sourcecode.swift; path = PostGridViewModel.swift; sourceTree = "<group>"; };
		D6FC07B12A5CAADE0041CE0C /* InputView.swift */ = {isa = PBXFileReference; lastKnownFileType = sourcecode.swift; path = InputView.swift; sourceTree = "<group>"; };
		D6FC07B32A5CAF820041CE0C /* User.swift */ = {isa = PBXFileReference; lastKnownFileType = sourcecode.swift; path = User.swift; sourceTree = "<group>"; };
		D6FC07B52A5CB7A10041CE0C /* CurrentUserProfileView.swift */ = {isa = PBXFileReference; lastKnownFileType = sourcecode.swift; path = CurrentUserProfileView.swift; sourceTree = "<group>"; };
		D6FC07B72A5CBEBB0041CE0C /* Post.swift */ = {isa = PBXFileReference; lastKnownFileType = sourcecode.swift; path = Post.swift; sourceTree = "<group>"; };
		D6FC07B92A5CCDB30041CE0C /* PostGridView.swift */ = {isa = PBXFileReference; lastKnownFileType = sourcecode.swift; path = PostGridView.swift; sourceTree = "<group>"; };
		D6FC07BB2A5CD1040041CE0C /* ProfileHeaderView.swift */ = {isa = PBXFileReference; lastKnownFileType = sourcecode.swift; path = ProfileHeaderView.swift; sourceTree = "<group>"; };
		D6FC07BD2A5CD6730041CE0C /* UploadPostView.swift */ = {isa = PBXFileReference; lastKnownFileType = sourcecode.swift; path = UploadPostView.swift; sourceTree = "<group>"; };
		D6FC07BF2A5CD9D10041CE0C /* UploadPostViewModel.swift */ = {isa = PBXFileReference; lastKnownFileType = sourcecode.swift; path = UploadPostViewModel.swift; sourceTree = "<group>"; };
		D6FC07C12A5DBA1B0041CE0C /* GoogleService-Info.plist */ = {isa = PBXFileReference; fileEncoding = 4; lastKnownFileType = text.plist.xml; path = "GoogleService-Info.plist"; sourceTree = "<group>"; };
		D6FC07CF2A5DBFA00041CE0C /* AuthService.swift */ = {isa = PBXFileReference; lastKnownFileType = sourcecode.swift; path = AuthService.swift; sourceTree = "<group>"; };
		D6FC07D32A5DC1150041CE0C /* ContentViewModel.swift */ = {isa = PBXFileReference; lastKnownFileType = sourcecode.swift; path = ContentViewModel.swift; sourceTree = "<group>"; };
		D6FC07D62A5DC5340041CE0C /* RegistrationViewModel.swift */ = {isa = PBXFileReference; lastKnownFileType = sourcecode.swift; path = RegistrationViewModel.swift; sourceTree = "<group>"; };
		D6FC07D82A5DD58F0041CE0C /* LoginViewModel.swift */ = {isa = PBXFileReference; lastKnownFileType = sourcecode.swift; path = LoginViewModel.swift; sourceTree = "<group>"; };
/* End PBXFileReference section */

/* Begin PBXFrameworksBuildPhase section */
		D622B5202A5888940056F320 /* Frameworks */ = {
			isa = PBXFrameworksBuildPhase;
			buildActionMask = 2147483647;
			files = (
				D6FC07C52A5DBA7C0041CE0C /* FirebaseAuth in Frameworks */,
				D6FC07CB2A5DBA7C0041CE0C /* FirebaseStorage in Frameworks */,
				D6FC07C72A5DBA7C0041CE0C /* FirebaseFirestore in Frameworks */,
				D6FC07C92A5DBA7C0041CE0C /* FirebaseFirestoreSwift in Frameworks */,
				D6B5563A2A60ADDC00718A39 /* Kingfisher in Frameworks */,
			);
			runOnlyForDeploymentPostprocessing = 0;
		};
/* End PBXFrameworksBuildPhase section */

/* Begin PBXGroup section */
		D622B51A2A5888940056F320 = {
			isa = PBXGroup;
			children = (
				D6AAFCFD2AAA297600AF9676 /* README.md */,
				D622B5252A5888940056F320 /* InstagramClone */,
				D622B5242A5888940056F320 /* Products */,
			);
			sourceTree = "<group>";
		};
		D622B5242A5888940056F320 /* Products */ = {
			isa = PBXGroup;
			children = (
				D622B5232A5888940056F320 /* InstagramClone.app */,
			);
			name = Products;
			sourceTree = "<group>";
		};
		D622B5252A5888940056F320 /* InstagramClone */ = {
			isa = PBXGroup;
			children = (
				D622B5372A5888AB0056F320 /* App */,
				D622B5362A5888A90056F320 /* Core */,
				D622B5392A5888CF0056F320 /* Extensions */,
				D622B5342A5888A40056F320 /* Model */,
				D622B5352A5888A70056F320 /* Services */,
				D622B52A2A5888960056F320 /* Assets.xcassets */,
				D6FC07C12A5DBA1B0041CE0C /* GoogleService-Info.plist */,
				D622B52C2A5888960056F320 /* Preview Content */,
			);
			path = InstagramClone;
			sourceTree = "<group>";
		};
		D622B52C2A5888960056F320 /* Preview Content */ = {
			isa = PBXGroup;
			children = (
				D622B52D2A5888960056F320 /* Preview Assets.xcassets */,
			);
			path = "Preview Content";
			sourceTree = "<group>";
		};
		D622B5342A5888A40056F320 /* Model */ = {
			isa = PBXGroup;
			children = (
				D6FC07B32A5CAF820041CE0C /* User.swift */,
				D6FC07B72A5CBEBB0041CE0C /* Post.swift */,
			);
			path = Model;
			sourceTree = "<group>";
		};
		D622B5352A5888A70056F320 /* Services */ = {
			isa = PBXGroup;
			children = (
				D6B5562A2A5F4C1F00718A39 /* UserService.swift */,
				D6B556362A60A6DE00718A39 /* ImageUploader.swift */,
				D6B556422A61F05F00718A39 /* PostService.swift */,
			);
			path = Services;
			sourceTree = "<group>";
		};
		D622B5362A5888A90056F320 /* Core */ = {
			isa = PBXGroup;
			children = (
				D622B53B2A5889460056F320 /* Authentication */,
				D622B5452A58921D0056F320 /* Components */,
				D622B53A2A5889430056F320 /* Feed */,
				D622B53C2A5889560056F320 /* Profile */,
				D622B53D2A58895E0056F320 /* Root */,
				D622B53E2A5889730056F320 /* Search */,
				D622B53F2A5889C30056F320 /* TabBar */,
				D622B5402A5889D50056F320 /* UploadPost */,
			);
			path = Core;
			sourceTree = "<group>";
		};
		D622B5372A5888AB0056F320 /* App */ = {
			isa = PBXGroup;
			children = (
				D622B5262A5888940056F320 /* InstagramCloneApp.swift */,
			);
			path = App;
			sourceTree = "<group>";
		};
		D622B5392A5888CF0056F320 /* Extensions */ = {
			isa = PBXGroup;
			children = (
			);
			path = Extensions;
			sourceTree = "<group>";
		};
		D622B53A2A5889430056F320 /* Feed */ = {
			isa = PBXGroup;
			children = (
				D6B5563F2A61E28C00718A39 /* View */,
				D6B5563E2A61E28500718A39 /* ViewModel */,
			);
			path = Feed;
			sourceTree = "<group>";
		};
		D622B53B2A5889460056F320 /* Authentication */ = {
			isa = PBXGroup;
			children = (
				D6FC07CD2A5DBCC50041CE0C /* View */,
				D6FC07D52A5DC50E0041CE0C /* ViewModel */,
				D6FC07CE2A5DBF800041CE0C /* Service */,
			);
			path = Authentication;
			sourceTree = "<group>";
		};
		D622B53C2A5889560056F320 /* Profile */ = {
			isa = PBXGroup;
			children = (
				D6B556332A60882900718A39 /* View */,
				D6B556322A60881E00718A39 /* ViewModel */,
			);
			path = Profile;
			sourceTree = "<group>";
		};
		D622B53D2A58895E0056F320 /* Root */ = {
			isa = PBXGroup;
			children = (
				D6FC07D12A5DC0C30041CE0C /* View */,
				D6FC07D22A5DC0CC0041CE0C /* ViewModel */,
			);
			path = Root;
			sourceTree = "<group>";
		};
		D622B53E2A5889730056F320 /* Search */ = {
			isa = PBXGroup;
			children = (
				D6B5562D2A5F4CF000718A39 /* View */,
				D6B5562C2A5F4CE600718A39 /* ViewModel */,
			);
			path = Search;
			sourceTree = "<group>";
		};
		D622B53F2A5889C30056F320 /* TabBar */ = {
			isa = PBXGroup;
			children = (
				D622B5412A588A2F0056F320 /* MainTabView.swift */,
			);
			path = TabBar;
			sourceTree = "<group>";
		};
		D622B5402A5889D50056F320 /* UploadPost */ = {
			isa = PBXGroup;
			children = (
				D6B5563D2A61DACD00718A39 /* View */,
				D6FC07CC2A5DBC5C0041CE0C /* ViewModel */,
			);
			path = UploadPost;
			sourceTree = "<group>";
		};
		D622B5452A58921D0056F320 /* Components */ = {
			isa = PBXGroup;
			children = (
				D6B556452A61F3B300718A39 /* View */,
				D6B556442A61F3A800718A39 /* ViewModel */,
			);
			path = Components;
			sourceTree = "<group>";
		};
		D6B5562C2A5F4CE600718A39 /* ViewModel */ = {
			isa = PBXGroup;
			children = (
				D6B5562E2A5F4D0F00718A39 /* SearchViewModel.swift */,
			);
			path = ViewModel;
			sourceTree = "<group>";
		};
		D6B5562D2A5F4CF000718A39 /* View */ = {
			isa = PBXGroup;
			children = (
				D622B54C2A58AAAD0056F320 /* SearchView.swift */,
			);
			path = View;
			sourceTree = "<group>";
		};
		D6B556322A60881E00718A39 /* ViewModel */ = {
			isa = PBXGroup;
			children = (
				D6B556342A6088A800718A39 /* EditProfileViewModel.swift */,
			);
			path = ViewModel;
			sourceTree = "<group>";
		};
		D6B556332A60882900718A39 /* View */ = {
			isa = PBXGroup;
			children = (
				D6FC07B52A5CB7A10041CE0C /* CurrentUserProfileView.swift */,
				D622B5432A588BAD0056F320 /* ProfileView.swift */,
				D6FC07BB2A5CD1040041CE0C /* ProfileHeaderView.swift */,
				D6B556302A6081E200718A39 /* EditProfileView.swift */,
			);
			path = View;
			sourceTree = "<group>";
		};
		D6B5563D2A61DACD00718A39 /* View */ = {
			isa = PBXGroup;
			children = (
				D6FC07BD2A5CD6730041CE0C /* UploadPostView.swift */,
			);
			path = View;
			sourceTree = "<group>";
		};
		D6B5563E2A61E28500718A39 /* ViewModel */ = {
			isa = PBXGroup;
			children = (
				D6B556402A61E2A500718A39 /* FeedViewModel.swift */,
			);
			path = ViewModel;
			sourceTree = "<group>";
		};
		D6B5563F2A61E28C00718A39 /* View */ = {
			isa = PBXGroup;
			children = (
				D622B5482A589D7B0056F320 /* FeedView.swift */,
				D622B54A2A589D830056F320 /* FeedCell.swift */,
			);
			path = View;
			sourceTree = "<group>";
		};
		D6B556442A61F3A800718A39 /* ViewModel */ = {
			isa = PBXGroup;
			children = (
				D6B556462A61F45000718A39 /* PostGridViewModel.swift */,
			);
			path = ViewModel;
			sourceTree = "<group>";
		};
		D6B556452A61F3B300718A39 /* View */ = {
			isa = PBXGroup;
			children = (
				D622B5462A58922F0056F320 /* UserStatView.swift */,
				D622B5522A58BFAF0056F320 /* IGTextFieldModifier.swift */,
				D622B55B2A58C8910056F320 /* EmailUserPassView.swift */,
				D6FC07B12A5CAADE0041CE0C /* InputView.swift */,
				D6FC07B92A5CCDB30041CE0C /* PostGridView.swift */,
				D6B5563B2A60B99000718A39 /* CircularProfileImageView.swift */,
			);
			path = View;
			sourceTree = "<group>";
		};
		D6FC07CC2A5DBC5C0041CE0C /* ViewModel */ = {
			isa = PBXGroup;
			children = (
				D6FC07BF2A5CD9D10041CE0C /* UploadPostViewModel.swift */,
			);
			path = ViewModel;
			sourceTree = "<group>";
		};
		D6FC07CD2A5DBCC50041CE0C /* View */ = {
			isa = PBXGroup;
			children = (
				D622B54E2A58B60A0056F320 /* LoginView.swift */,
				D622B5502A58BD4C0056F320 /* AddEmailView.swift */,
				D622B5542A58C0D50056F320 /* CreateUsernameView.swift */,
				D622B5572A58C3D60056F320 /* CreatePasswordView.swift */,
				D622B5592A58C5080056F320 /* CompleteSignUpView.swift */,
			);
			path = View;
			sourceTree = "<group>";
		};
		D6FC07CE2A5DBF800041CE0C /* Service */ = {
			isa = PBXGroup;
			children = (
				D6FC07CF2A5DBFA00041CE0C /* AuthService.swift */,
			);
			path = Service;
			sourceTree = "<group>";
		};
		D6FC07D12A5DC0C30041CE0C /* View */ = {
			isa = PBXGroup;
			children = (
				D622B5282A5888940056F320 /* ContentView.swift */,
			);
			path = View;
			sourceTree = "<group>";
		};
		D6FC07D22A5DC0CC0041CE0C /* ViewModel */ = {
			isa = PBXGroup;
			children = (
				D6FC07D32A5DC1150041CE0C /* ContentViewModel.swift */,
			);
			path = ViewModel;
			sourceTree = "<group>";
		};
		D6FC07D52A5DC50E0041CE0C /* ViewModel */ = {
			isa = PBXGroup;
			children = (
				D6FC07D62A5DC5340041CE0C /* RegistrationViewModel.swift */,
				D6FC07D82A5DD58F0041CE0C /* LoginViewModel.swift */,
			);
			path = ViewModel;
			sourceTree = "<group>";
		};
/* End PBXGroup section */

/* Begin PBXNativeTarget section */
		D622B5222A5888940056F320 /* InstagramClone */ = {
			isa = PBXNativeTarget;
			buildConfigurationList = D622B5312A5888960056F320 /* Build configuration list for PBXNativeTarget "InstagramClone" */;
			buildPhases = (
				D622B51F2A5888940056F320 /* Sources */,
				D622B5202A5888940056F320 /* Frameworks */,
				D622B5212A5888940056F320 /* Resources */,
			);
			buildRules = (
			);
			dependencies = (
			);
			name = InstagramClone;
			packageProductDependencies = (
				D6FC07C42A5DBA7C0041CE0C /* FirebaseAuth */,
				D6FC07C62A5DBA7C0041CE0C /* FirebaseFirestore */,
				D6FC07C82A5DBA7C0041CE0C /* FirebaseFirestoreSwift */,
				D6FC07CA2A5DBA7C0041CE0C /* FirebaseStorage */,
				D6B556392A60ADDC00718A39 /* Kingfisher */,
			);
			productName = InstagramClone;
			productReference = D622B5232A5888940056F320 /* InstagramClone.app */;
			productType = "com.apple.product-type.application";
		};
/* End PBXNativeTarget section */

/* Begin PBXProject section */
		D622B51B2A5888940056F320 /* Project object */ = {
			isa = PBXProject;
			attributes = {
				BuildIndependentTargetsInParallel = 1;
				LastSwiftUpdateCheck = 1430;
				LastUpgradeCheck = 1430;
				TargetAttributes = {
					D622B5222A5888940056F320 = {
						CreatedOnToolsVersion = 14.3.1;
					};
				};
			};
			buildConfigurationList = D622B51E2A5888940056F320 /* Build configuration list for PBXProject "InstagramClone" */;
			compatibilityVersion = "Xcode 14.0";
			developmentRegion = en;
			hasScannedForEncodings = 0;
			knownRegions = (
				en,
				Base,
			);
			mainGroup = D622B51A2A5888940056F320;
			packageReferences = (
				D6FC07C32A5DBA7C0041CE0C /* XCRemoteSwiftPackageReference "firebase-ios-sdk" */,
				D6B556382A60ADDC00718A39 /* XCRemoteSwiftPackageReference "kingfisher" */,
			);
			productRefGroup = D622B5242A5888940056F320 /* Products */;
			projectDirPath = "";
			projectRoot = "";
			targets = (
				D622B5222A5888940056F320 /* InstagramClone */,
			);
		};
/* End PBXProject section */

/* Begin PBXResourcesBuildPhase section */
		D622B5212A5888940056F320 /* Resources */ = {
			isa = PBXResourcesBuildPhase;
			buildActionMask = 2147483647;
			files = (
				D622B52E2A5888960056F320 /* Preview Assets.xcassets in Resources */,
				D622B52B2A5888960056F320 /* Assets.xcassets in Resources */,
				D6FC07C22A5DBA1B0041CE0C /* GoogleService-Info.plist in Resources */,
			);
			runOnlyForDeploymentPostprocessing = 0;
		};
/* End PBXResourcesBuildPhase section */

/* Begin PBXSourcesBuildPhase section */
		D622B51F2A5888940056F320 /* Sources */ = {
			isa = PBXSourcesBuildPhase;
			buildActionMask = 2147483647;
			files = (
				D6B556312A6081E200718A39 /* EditProfileView.swift in Sources */,
				D6B5562B2A5F4C1F00718A39 /* UserService.swift in Sources */,
				D622B54B2A589D830056F320 /* FeedCell.swift in Sources */,
				D6FC07C02A5CD9D10041CE0C /* UploadPostViewModel.swift in Sources */,
				D622B5442A588BAD0056F320 /* ProfileView.swift in Sources */,
				D622B5292A5888940056F320 /* ContentView.swift in Sources */,
				D6FC07BE2A5CD6730041CE0C /* UploadPostView.swift in Sources */,
				D622B54F2A58B60A0056F320 /* LoginView.swift in Sources */,
				D6FC07BC2A5CD1040041CE0C /* ProfileHeaderView.swift in Sources */,
				D622B5272A5888940056F320 /* InstagramCloneApp.swift in Sources */,
				D6B556472A61F45000718A39 /* PostGridViewModel.swift in Sources */,
				D6FC07D92A5DD58F0041CE0C /* LoginViewModel.swift in Sources */,
				D6FC07B22A5CAADE0041CE0C /* InputView.swift in Sources */,
				D6FC07D72A5DC5340041CE0C /* RegistrationViewModel.swift in Sources */,
				D6B5563C2A60B99000718A39 /* CircularProfileImageView.swift in Sources */,
				D6B556372A60A6DE00718A39 /* ImageUploader.swift in Sources */,
				D6B556352A6088A800718A39 /* EditProfileViewModel.swift in Sources */,
				D6FC07D42A5DC1150041CE0C /* ContentViewModel.swift in Sources */,
				D622B5512A58BD4C0056F320 /* AddEmailView.swift in Sources */,
				D6B556412A61E2A500718A39 /* FeedViewModel.swift in Sources */,
				D6FC07B42A5CAF820041CE0C /* User.swift in Sources */,
				D6FC07BA2A5CCDB30041CE0C /* PostGridView.swift in Sources */,
				D622B5552A58C0D50056F320 /* CreateUsernameView.swift in Sources */,
				D622B55A2A58C5080056F320 /* CompleteSignUpView.swift in Sources */,
				D6B5562F2A5F4D0F00718A39 /* SearchViewModel.swift in Sources */,
				D622B54D2A58AAAD0056F320 /* SearchView.swift in Sources */,
				D6FC07D02A5DBFA00041CE0C /* AuthService.swift in Sources */,
				D622B5532A58BFAF0056F320 /* IGTextFieldModifier.swift in Sources */,
				D622B5472A58922F0056F320 /* UserStatView.swift in Sources */,
				D622B5492A589D7B0056F320 /* FeedView.swift in Sources */,
				D622B5422A588A2F0056F320 /* MainTabView.swift in Sources */,
				D6B556432A61F05F00718A39 /* PostService.swift in Sources */,
				D622B55C2A58C8910056F320 /* EmailUserPassView.swift in Sources */,
				D6FC07B82A5CBEBB0041CE0C /* Post.swift in Sources */,
				D622B5582A58C3D60056F320 /* CreatePasswordView.swift in Sources */,
				D6FC07B62A5CB7A10041CE0C /* CurrentUserProfileView.swift in Sources */,
			);
			runOnlyForDeploymentPostprocessing = 0;
		};
/* End PBXSourcesBuildPhase section */

/* Begin XCBuildConfiguration section */
		D622B52F2A5888960056F320 /* Debug */ = {
			isa = XCBuildConfiguration;
			buildSettings = {
				ALWAYS_SEARCH_USER_PATHS = NO;
				CLANG_ANALYZER_NONNULL = YES;
				CLANG_ANALYZER_NUMBER_OBJECT_CONVERSION = YES_AGGRESSIVE;
				CLANG_CXX_LANGUAGE_STANDARD = "gnu++20";
				CLANG_ENABLE_MODULES = YES;
				CLANG_ENABLE_OBJC_ARC = YES;
				CLANG_ENABLE_OBJC_WEAK = YES;
				CLANG_WARN_BLOCK_CAPTURE_AUTORELEASING = YES;
				CLANG_WARN_BOOL_CONVERSION = YES;
				CLANG_WARN_COMMA = YES;
				CLANG_WARN_CONSTANT_CONVERSION = YES;
				CLANG_WARN_DEPRECATED_OBJC_IMPLEMENTATIONS = YES;
				CLANG_WARN_DIRECT_OBJC_ISA_USAGE = YES_ERROR;
				CLANG_WARN_DOCUMENTATION_COMMENTS = YES;
				CLANG_WARN_EMPTY_BODY = YES;
				CLANG_WARN_ENUM_CONVERSION = YES;
				CLANG_WARN_INFINITE_RECURSION = YES;
				CLANG_WARN_INT_CONVERSION = YES;
				CLANG_WARN_NON_LITERAL_NULL_CONVERSION = YES;
				CLANG_WARN_OBJC_IMPLICIT_RETAIN_SELF = YES;
				CLANG_WARN_OBJC_LITERAL_CONVERSION = YES;
				CLANG_WARN_OBJC_ROOT_CLASS = YES_ERROR;
				CLANG_WARN_QUOTED_INCLUDE_IN_FRAMEWORK_HEADER = YES;
				CLANG_WARN_RANGE_LOOP_ANALYSIS = YES;
				CLANG_WARN_STRICT_PROTOTYPES = YES;
				CLANG_WARN_SUSPICIOUS_MOVE = YES;
				CLANG_WARN_UNGUARDED_AVAILABILITY = YES_AGGRESSIVE;
				CLANG_WARN_UNREACHABLE_CODE = YES;
				CLANG_WARN__DUPLICATE_METHOD_MATCH = YES;
				COPY_PHASE_STRIP = NO;
				DEBUG_INFORMATION_FORMAT = dwarf;
				ENABLE_STRICT_OBJC_MSGSEND = YES;
				ENABLE_TESTABILITY = YES;
				GCC_C_LANGUAGE_STANDARD = gnu11;
				GCC_DYNAMIC_NO_PIC = NO;
				GCC_NO_COMMON_BLOCKS = YES;
				GCC_OPTIMIZATION_LEVEL = 0;
				GCC_PREPROCESSOR_DEFINITIONS = (
					"DEBUG=1",
					"$(inherited)",
				);
				GCC_WARN_64_TO_32_BIT_CONVERSION = YES;
				GCC_WARN_ABOUT_RETURN_TYPE = YES_ERROR;
				GCC_WARN_UNDECLARED_SELECTOR = YES;
				GCC_WARN_UNINITIALIZED_AUTOS = YES_AGGRESSIVE;
				GCC_WARN_UNUSED_FUNCTION = YES;
				GCC_WARN_UNUSED_VARIABLE = YES;
				IPHONEOS_DEPLOYMENT_TARGET = 16.4;
				MTL_ENABLE_DEBUG_INFO = INCLUDE_SOURCE;
				MTL_FAST_MATH = YES;
				ONLY_ACTIVE_ARCH = YES;
				SDKROOT = iphoneos;
				SWIFT_ACTIVE_COMPILATION_CONDITIONS = DEBUG;
				SWIFT_OPTIMIZATION_LEVEL = "-Onone";
			};
			name = Debug;
		};
		D622B5302A5888960056F320 /* Release */ = {
			isa = XCBuildConfiguration;
			buildSettings = {
				ALWAYS_SEARCH_USER_PATHS = NO;
				CLANG_ANALYZER_NONNULL = YES;
				CLANG_ANALYZER_NUMBER_OBJECT_CONVERSION = YES_AGGRESSIVE;
				CLANG_CXX_LANGUAGE_STANDARD = "gnu++20";
				CLANG_ENABLE_MODULES = YES;
				CLANG_ENABLE_OBJC_ARC = YES;
				CLANG_ENABLE_OBJC_WEAK = YES;
				CLANG_WARN_BLOCK_CAPTURE_AUTORELEASING = YES;
				CLANG_WARN_BOOL_CONVERSION = YES;
				CLANG_WARN_COMMA = YES;
				CLANG_WARN_CONSTANT_CONVERSION = YES;
				CLANG_WARN_DEPRECATED_OBJC_IMPLEMENTATIONS = YES;
				CLANG_WARN_DIRECT_OBJC_ISA_USAGE = YES_ERROR;
				CLANG_WARN_DOCUMENTATION_COMMENTS = YES;
				CLANG_WARN_EMPTY_BODY = YES;
				CLANG_WARN_ENUM_CONVERSION = YES;
				CLANG_WARN_INFINITE_RECURSION = YES;
				CLANG_WARN_INT_CONVERSION = YES;
				CLANG_WARN_NON_LITERAL_NULL_CONVERSION = YES;
				CLANG_WARN_OBJC_IMPLICIT_RETAIN_SELF = YES;
				CLANG_WARN_OBJC_LITERAL_CONVERSION = YES;
				CLANG_WARN_OBJC_ROOT_CLASS = YES_ERROR;
				CLANG_WARN_QUOTED_INCLUDE_IN_FRAMEWORK_HEADER = YES;
				CLANG_WARN_RANGE_LOOP_ANALYSIS = YES;
				CLANG_WARN_STRICT_PROTOTYPES = YES;
				CLANG_WARN_SUSPICIOUS_MOVE = YES;
				CLANG_WARN_UNGUARDED_AVAILABILITY = YES_AGGRESSIVE;
				CLANG_WARN_UNREACHABLE_CODE = YES;
				CLANG_WARN__DUPLICATE_METHOD_MATCH = YES;
				COPY_PHASE_STRIP = NO;
				DEBUG_INFORMATION_FORMAT = "dwarf-with-dsym";
				ENABLE_NS_ASSERTIONS = NO;
				ENABLE_STRICT_OBJC_MSGSEND = YES;
				GCC_C_LANGUAGE_STANDARD = gnu11;
				GCC_NO_COMMON_BLOCKS = YES;
				GCC_WARN_64_TO_32_BIT_CONVERSION = YES;
				GCC_WARN_ABOUT_RETURN_TYPE = YES_ERROR;
				GCC_WARN_UNDECLARED_SELECTOR = YES;
				GCC_WARN_UNINITIALIZED_AUTOS = YES_AGGRESSIVE;
				GCC_WARN_UNUSED_FUNCTION = YES;
				GCC_WARN_UNUSED_VARIABLE = YES;
				IPHONEOS_DEPLOYMENT_TARGET = 16.4;
				MTL_ENABLE_DEBUG_INFO = NO;
				MTL_FAST_MATH = YES;
				SDKROOT = iphoneos;
				SWIFT_COMPILATION_MODE = wholemodule;
				SWIFT_OPTIMIZATION_LEVEL = "-O";
				VALIDATE_PRODUCT = YES;
			};
			name = Release;
		};
		D622B5322A5888960056F320 /* Debug */ = {
			isa = XCBuildConfiguration;
			buildSettings = {
				ASSETCATALOG_COMPILER_APPICON_NAME = AppIcon;
				ASSETCATALOG_COMPILER_GLOBAL_ACCENT_COLOR_NAME = AccentColor;
				CODE_SIGN_STYLE = Automatic;
				CURRENT_PROJECT_VERSION = 1;
				DEVELOPMENT_ASSET_PATHS = "\"InstagramClone/Preview Content\"";
				ENABLE_PREVIEWS = YES;
				GENERATE_INFOPLIST_FILE = YES;
				INFOPLIST_KEY_UIApplicationSceneManifest_Generation = YES;
				INFOPLIST_KEY_UIApplicationSupportsIndirectInputEvents = YES;
				INFOPLIST_KEY_UILaunchScreen_Generation = YES;
				INFOPLIST_KEY_UISupportedInterfaceOrientations_iPad = "UIInterfaceOrientationPortrait UIInterfaceOrientationPortraitUpsideDown UIInterfaceOrientationLandscapeLeft UIInterfaceOrientationLandscapeRight";
				INFOPLIST_KEY_UISupportedInterfaceOrientations_iPhone = "UIInterfaceOrientationPortrait UIInterfaceOrientationLandscapeLeft UIInterfaceOrientationLandscapeRight";
				LD_RUNPATH_SEARCH_PATHS = (
					"$(inherited)",
					"@executable_path/Frameworks",
				);
				MARKETING_VERSION = 1.0;
				PRODUCT_BUNDLE_IDENTIFIER = com.colstin.InstagramClone;
				PRODUCT_NAME = "$(TARGET_NAME)";
				SWIFT_EMIT_LOC_STRINGS = YES;
				SWIFT_VERSION = 5.0;
				TARGETED_DEVICE_FAMILY = "1,2";
			};
			name = Debug;
		};
		D622B5332A5888960056F320 /* Release */ = {
			isa = XCBuildConfiguration;
			buildSettings = {
				ASSETCATALOG_COMPILER_APPICON_NAME = AppIcon;
				ASSETCATALOG_COMPILER_GLOBAL_ACCENT_COLOR_NAME = AccentColor;
				CODE_SIGN_STYLE = Automatic;
				CURRENT_PROJECT_VERSION = 1;
				DEVELOPMENT_ASSET_PATHS = "\"InstagramClone/Preview Content\"";
				ENABLE_PREVIEWS = YES;
				GENERATE_INFOPLIST_FILE = YES;
				INFOPLIST_KEY_UIApplicationSceneManifest_Generation = YES;
				INFOPLIST_KEY_UIApplicationSupportsIndirectInputEvents = YES;
				INFOPLIST_KEY_UILaunchScreen_Generation = YES;
				INFOPLIST_KEY_UISupportedInterfaceOrientations_iPad = "UIInterfaceOrientationPortrait UIInterfaceOrientationPortraitUpsideDown UIInterfaceOrientationLandscapeLeft UIInterfaceOrientationLandscapeRight";
				INFOPLIST_KEY_UISupportedInterfaceOrientations_iPhone = "UIInterfaceOrientationPortrait UIInterfaceOrientationLandscapeLeft UIInterfaceOrientationLandscapeRight";
				LD_RUNPATH_SEARCH_PATHS = (
					"$(inherited)",
					"@executable_path/Frameworks",
				);
				MARKETING_VERSION = 1.0;
				PRODUCT_BUNDLE_IDENTIFIER = com.colstin.InstagramClone;
				PRODUCT_NAME = "$(TARGET_NAME)";
				SWIFT_EMIT_LOC_STRINGS = YES;
				SWIFT_VERSION = 5.0;
				TARGETED_DEVICE_FAMILY = "1,2";
			};
			name = Release;
		};
/* End XCBuildConfiguration section */

/* Begin XCConfigurationList section */
		D622B51E2A5888940056F320 /* Build configuration list for PBXProject "InstagramClone" */ = {
			isa = XCConfigurationList;
			buildConfigurations = (
				D622B52F2A5888960056F320 /* Debug */,
				D622B5302A5888960056F320 /* Release */,
			);
			defaultConfigurationIsVisible = 0;
			defaultConfigurationName = Release;
		};
		D622B5312A5888960056F320 /* Build configuration list for PBXNativeTarget "InstagramClone" */ = {
			isa = XCConfigurationList;
			buildConfigurations = (
				D622B5322A5888960056F320 /* Debug */,
				D622B5332A5888960056F320 /* Release */,
			);
			defaultConfigurationIsVisible = 0;
			defaultConfigurationName = Release;
		};
/* End XCConfigurationList section */

/* Begin XCRemoteSwiftPackageReference section */
		D6B556382A60ADDC00718A39 /* XCRemoteSwiftPackageReference "kingfisher" */ = {
			isa = XCRemoteSwiftPackageReference;
			repositoryURL = "https://github.com/onevcat/kingfisher";
			requirement = {
				kind = upToNextMajorVersion;
				minimumVersion = 7.0.0;
			};
		};
		D6FC07C32A5DBA7C0041CE0C /* XCRemoteSwiftPackageReference "firebase-ios-sdk" */ = {
			isa = XCRemoteSwiftPackageReference;
			repositoryURL = "https://github.com/firebase/firebase-ios-sdk";
			requirement = {
				kind = upToNextMajorVersion;
				minimumVersion = 10.0.0;
			};
		};
/* End XCRemoteSwiftPackageReference section */

/* Begin XCSwiftPackageProductDependency section */
		D6B556392A60ADDC00718A39 /* Kingfisher */ = {
			isa = XCSwiftPackageProductDependency;
			package = D6B556382A60ADDC00718A39 /* XCRemoteSwiftPackageReference "kingfisher" */;
			productName = Kingfisher;
		};
		D6FC07C42A5DBA7C0041CE0C /* FirebaseAuth */ = {
			isa = XCSwiftPackageProductDependency;
			package = D6FC07C32A5DBA7C0041CE0C /* XCRemoteSwiftPackageReference "firebase-ios-sdk" */;
			productName = FirebaseAuth;
		};
		D6FC07C62A5DBA7C0041CE0C /* FirebaseFirestore */ = {
			isa = XCSwiftPackageProductDependency;
			package = D6FC07C32A5DBA7C0041CE0C /* XCRemoteSwiftPackageReference "firebase-ios-sdk" */;
			productName = FirebaseFirestore;
		};
		D6FC07C82A5DBA7C0041CE0C /* FirebaseFirestoreSwift */ = {
			isa = XCSwiftPackageProductDependency;
			package = D6FC07C32A5DBA7C0041CE0C /* XCRemoteSwiftPackageReference "firebase-ios-sdk" */;
			productName = FirebaseFirestoreSwift;
		};
		D6FC07CA2A5DBA7C0041CE0C /* FirebaseStorage */ = {
			isa = XCSwiftPackageProductDependency;
			package = D6FC07C32A5DBA7C0041CE0C /* XCRemoteSwiftPackageReference "firebase-ios-sdk" */;
			productName = FirebaseStorage;
		};
/* End XCSwiftPackageProductDependency section */
	};
	rootObject = D622B51B2A5888940056F320 /* Project object */;
}
